
Microsoft Visual Studio Solution File, Format Version 12.00
# Visual Studio Version 16
VisualStudioVersion = 16.0.34301.259
MinimumVisualStudioVersion = 10.0.40219.1
Project("{FAE04EC0-301F-11D3-BF4B-00C04F79EFBC}") = "PetShop", "PetShop\PetShop.csproj", "{10C3124D-82B0-44BB-96EE-D7590CE7A586}"
EndProject
Global
	GlobalSection(SolutionConfigurationPlatforms) = preSolution
		Debug|Any CPU = Debug|Any CPU
		Release|Any CPU = Release|Any CPU
	EndGlobalSection
	GlobalSection(ProjectConfigurationPlatforms) = postSolution
		{10C3124D-82B0-44BB-96EE-D7590CE7A586}.Debug|Any CPU.ActiveCfg = Debug|Any CPU
		{10C3124D-82B0-44BB-96EE-D7590CE7A586}.Debug|Any CPU.Build.0 = Debug|Any CPU
		{10C3124D-82B0-44BB-96EE-D7590CE7A586}.Release|Any CPU.ActiveCfg = Release|Any CPU
		{10C3124D-82B0-44BB-96EE-D7590CE7A586}.Release|Any CPU.Build.0 = Release|Any CPU
	EndGlobalSection
	GlobalSection(SolutionProperties) = preSolution
		HideSolutionNode = FALSE
	EndGlobalSection
	GlobalSection(ExtensibilityGlobals) = postSolution
		SolutionGuid = {BA294D68-DBA4-47F5-A9E3-827FD586C95F}
	EndGlobalSection
EndGlobal
